// !$*UTF8*$!
{
	archiveVersion = 1;
	classes = {
	};
	objectVersion = 50;
	objects = {

/* Begin PBXBuildFile section */
		6A3B8FEB215CAF1C007D352E /* AppDelegate.swift in Sources */ = {isa = PBXBuildFile; fileRef = 6A3B8FEA215CAF1C007D352E /* AppDelegate.swift */; };
		6A3B8FED215CAF1C007D352E /* ViewController.swift in Sources */ = {isa = PBXBuildFile; fileRef = 6A3B8FEC215CAF1C007D352E /* ViewController.swift */; };
		6A3B8FF0215CAF1C007D352E /* Main.storyboard in Resources */ = {isa = PBXBuildFile; fileRef = 6A3B8FEE215CAF1C007D352E /* Main.storyboard */; };
		6A3B8FF2215CAF1D007D352E /* Assets.xcassets in Resources */ = {isa = PBXBuildFile; fileRef = 6A3B8FF1215CAF1D007D352E /* Assets.xcassets */; };
		6A3B8FF5215CAF1D007D352E /* LaunchScreen.storyboard in Resources */ = {isa = PBXBuildFile; fileRef = 6A3B8FF3215CAF1D007D352E /* LaunchScreen.storyboard */; };
		6A53EFD421649FEA0011FBF2 /* secondViewController.swift in Sources */ = {isa = PBXBuildFile; fileRef = 6A53EFD321649FEA0011FBF2 /* secondViewController.swift */; };
/* End PBXBuildFile section */

/* Begin PBXFileReference section */
		6A3B8FE7215CAF1C007D352E /* AlertController_.app */ = {isa = PBXFileReference; explicitFileType = wrapper.application; includeInIndex = 0; path = AlertController_.app; sourceTree = BUILT_PRODUCTS_DIR; };
		6A3B8FEA215CAF1C007D352E /* AppDelegate.swift */ = {isa = PBXFileReference; lastKnownFileType = sourcecode.swift; path = AppDelegate.swift; sourceTree = "<group>"; };
		6A3B8FEC215CAF1C007D352E /* ViewController.swift */ = {isa = PBXFileReference; lastKnownFileType = sourcecode.swift; path = ViewController.swift; sourceTree = "<group>"; };
		6A3B8FEF215CAF1C007D352E /* Base */ = {isa = PBXFileReference; lastKnownFileType = file.storyboard; name = Base; path = Base.lproj/Main.storyboard; sourceTree = "<group>"; };
		6A3B8FF1215CAF1D007D352E /* Assets.xcassets */ = {isa = PBXFileReference; lastKnownFileType = folder.assetcatalog; path = Assets.xcassets; sourceTree = "<group>"; };
		6A3B8FF4215CAF1D007D352E /* Base */ = {isa = PBXFileReference; lastKnownFileType = file.storyboard; name = Base; path = Base.lproj/LaunchScreen.storyboard; sourceTree = "<group>"; };
		6A3B8FF6215CAF1D007D352E /* Info.plist */ = {isa = PBXFileReference; lastKnownFileType = text.plist.xml; path = Info.plist; sourceTree = "<group>"; };
		6A53EFD321649FEA0011FBF2 /* secondViewController.swift */ = {isa = PBXFileReference; lastKnownFileType = sourcecode.swift; path = secondViewController.swift; sourceTree = "<group>"; };
/* End PBXFileReference section */

/* Begin PBXFrameworksBuildPhase section */
		6A3B8FE4215CAF1C007D352E /* Frameworks */ = {
			isa = PBXFrameworksBuildPhase;
			buildActionMask = 2147483647;
			files = (
			);
			runOnlyForDeploymentPostprocessing = 0;
		};
/* End PBXFrameworksBuildPhase section */

/* Begin PBXGroup section */
		6A3B8FDE215CAF1C007D352E = {
			isa = PBXGroup;
			children = (
				6A3B8FE9215CAF1C007D352E /* AlertController_ */,
				6A3B8FE8215CAF1C007D352E /* Products */,
			);
			sourceTree = "<group>";
		};
		6A3B8FE8215CAF1C007D352E /* Products */ = {
			isa = PBXGroup;
			children = (
				6A3B8FE7215CAF1C007D352E /* AlertController_.app */,
			);
			name = Products;
			sourceTree = "<group>";
		};
		6A3B8FE9215CAF1C007D352E /* AlertController_ */ = {
			isa = PBXGroup;
			children = (
				6A3B8FEA215CAF1C007D352E /* AppDelegate.swift */,
				6A3B8FEC215CAF1C007D352E /* ViewController.swift */,
				6A3B8FEE215CAF1C007D352E /* Main.storyboard */,
				6A53EFD321649FEA0011FBF2 /* secondViewController.swift */,
				6A3B8FF1215CAF1D007D352E /* Assets.xcassets */,
				6A3B8FF3215CAF1D007D352E /* LaunchScreen.storyboard */,
				6A3B8FF6215CAF1D007D352E /* Info.plist */,
			);
			path = AlertController_;
			sourceTree = "<group>";
		};
/* End PBXGroup section */

/* Begin PBXNativeTarget section */
		6A3B8FE6215CAF1C007D352E /* AlertController_ */ = {
			isa = PBXNativeTarget;
			buildConfigurationList = 6A3B8FF9215CAF1D007D352E /* Build configuration list for PBXNativeTarget "AlertController_" */;
			buildPhases = (
				6A3B8FE3215CAF1C007D352E /* Sources */,
				6A3B8FE4215CAF1C007D352E /* Frameworks */,
				6A3B8FE5215CAF1C007D352E /* Resources */,
			);
			buildRules = (
			);
			dependencies = (
			);
			name = AlertController_;
			productName = AlertController_;
			productReference = 6A3B8FE7215CAF1C007D352E /* AlertController_.app */;
			productType = "com.apple.product-type.application";
		};
/* End PBXNativeTarget section */

/* Begin PBXProject section */
		6A3B8FDF215CAF1C007D352E /* Project object */ = {
			isa = PBXProject;
			attributes = {
				LastSwiftUpdateCheck = 1000;
				LastUpgradeCheck = 1000;
				ORGANIZATIONNAME = "Isaac Kim";
				TargetAttributes = {
					6A3B8FE6215CAF1C007D352E = {
						CreatedOnToolsVersion = 10.0;
					};
				};
			};
			buildConfigurationList = 6A3B8FE2215CAF1C007D352E /* Build configuration list for PBXProject "AlertController_" */;
			compatibilityVersion = "Xcode 9.3";
			developmentRegion = en;
			hasScannedForEncodings = 0;
			knownRegions = (
				en,
				Base,
			);
			mainGroup = 6A3B8FDE215CAF1C007D352E;
			productRefGroup = 6A3B8FE8215CAF1C007D352E /* Products */;
			projectDirPath = "";
			projectRoot = "";
			targets = (
				6A3B8FE6215CAF1C007D352E /* AlertController_ */,
			);
		};
/* End PBXProject section */

/* Begin PBXResourcesBuildPhase section */
		6A3B8FE5215CAF1C007D352E /* Resources */ = {
			isa = PBXResourcesBuildPhase;
			buildActionMask = 2147483647;
			files = (
				6A3B8FF5215CAF1D007D352E /* LaunchScreen.storyboard in Resources */,
				6A3B8FF2215CAF1D007D352E /* Assets.xcassets in Resources */,
				6A3B8FF0215CAF1C007D352E /* Main.storyboard in Resources */,
			);
			runOnlyForDeploymentPostprocessing = 0;
		};
/* End PBXResourcesBuildPhase section */

/* Begin PBXSourcesBuildPhase section */
		6A3B8FE3215CAF1C007D352E /* Sources */ = {
			isa = PBXSourcesBuildPhase;
			buildActionMask = 2147483647;
			files = (
				6A3B8FED215CAF1C007D352E /* ViewController.swift in Sources */,
				6A53EFD421649FEA0011FBF2 /* secondViewController.swift in Sources */,
				6A3B8FEB215CAF1C007D352E /* AppDelegate.swift in Sources */,
			);
			runOnlyForDeploymentPostprocessing = 0;
		};
/* End PBXSourcesBuildPhase section */

/* Begin PBXVariantGroup section */
		6A3B8FEE215CAF1C007D352E /* Main.storyboard */ = {
			isa = PBXVariantGroup;
			children = (
				6A3B8FEF215CAF1C007D352E /* Base */,
			);
			name = Main.storyboard;
			sourceTree = "<group>";
		};
		6A3B8FF3215CAF1D007D352E /* LaunchScreen.storyboard */ = {
			isa = PBXVariantGroup;
			children = (
				6A3B8FF4215CAF1D007D352E /* Base */,
			);
			name = LaunchScreen.storyboard;
			sourceTree = "<group>";
		};
/* End PBXVariantGroup section */

/* Begin XCBuildConfiguration section */
		6A3B8FF7215CAF1D007D352E /* Debug */ = {
			isa = XCBuildConfiguration;
			buildSettings = {
				ALWAYS_SEARCH_USER_PATHS = NO;
				CLANG_ANALYZER_NONNULL = YES;
				CLANG_ANALYZER_NUMBER_OBJECT_CONVERSION = YES_AGGRESSIVE;
				CLANG_CXX_LANGUAGE_STANDARD = "gnu++14";
				CLANG_CXX_LIBRARY = "libc++";
				CLANG_ENABLE_MODULES = YES;
				CLANG_ENABLE_OBJC_ARC = YES;
				CLANG_ENABLE_OBJC_WEAK = YES;
				CLANG_WARN_BLOCK_CAPTURE_AUTORELEASING = YES;
				CLANG_WARN_BOOL_CONVERSION = YES;
				CLANG_WARN_COMMA = YES;
				CLANG_WARN_CONSTANT_CONVERSION = YES;
				CLANG_WARN_DEPRECATED_OBJC_IMPLEMENTATIONS = YES;
				CLANG_WARN_DIRECT_OBJC_ISA_USAGE = YES_ERROR;
				CLANG_WARN_DOCUMENTATION_COMMENTS = YES;
				CLANG_WARN_EMPTY_BODY = YES;
				CLANG_WARN_ENUM_CONVERSION = YES;
				CLANG_WARN_INFINITE_RECURSION = YES;
				CLANG_WARN_INT_CONVERSION = YES;
				CLANG_WARN_NON_LITERAL_NULL_CONVERSION = YES;
				CLANG_WARN_OBJC_IMPLICIT_RETAIN_SELF = YES;
				CLANG_WARN_OBJC_LITERAL_CONVERSION = YES;
				CLANG_WARN_OBJC_ROOT_CLASS = YES_ERROR;
				CLANG_WARN_RANGE_LOOP_ANALYSIS = YES;
				CLANG_WARN_STRICT_PROTOTYPES = YES;
				CLANG_WARN_SUSPICIOUS_MOVE = YES;
				CLANG_WARN_UNGUARDED_AVAILABILITY = YES_AGGRESSIVE;
				CLANG_WARN_UNREACHABLE_CODE = YES;
				CLANG_WARN__DUPLICATE_METHOD_MATCH = YES;
				CODE_SIGN_IDENTITY = "iPhone Developer";
				COPY_PHASE_STRIP = NO;
				DEBUG_INFORMATION_FORMAT = dwarf;
				ENABLE_STRICT_OBJC_MSGSEND = YES;
				ENABLE_TESTABILITY = YES;
				GCC_C_LANGUAGE_STANDARD = gnu11;
				GCC_DYNAMIC_NO_PIC = NO;
				GCC_NO_COMMON_BLOCKS = YES;
				GCC_OPTIMIZATION_LEVEL = 0;
				GCC_PREPROCESSOR_DEFINITIONS = (
					"DEBUG=1",
					"$(inherited)",
				);
				GCC_WARN_64_TO_32_BIT_CONVERSION = YES;
				GCC_WARN_ABOUT_RETURN_TYPE = YES_ERROR;
				GCC_WARN_UNDECLARED_SELECTOR = YES;
				GCC_WARN_UNINITIALIZED_AUTOS = YES_AGGRESSIVE;
				GCC_WARN_UNUSED_FUNCTION = YES;
				GCC_WARN_UNUSED_VARIABLE = YES;
				IPHONEOS_DEPLOYMENT_TARGET = 12.0;
				MTL_ENABLE_DEBUG_INFO = INCLUDE_SOURCE;
				MTL_FAST_MATH = YES;
				ONLY_ACTIVE_ARCH = YES;
				SDKROOT = iphoneos;
				SWIFT_ACTIVE_COMPILATION_CONDITIONS = DEBUG;
				SWIFT_OPTIMIZATION_LEVEL = "-Onone";
			};
			name = Debug;
		};
		6A3B8FF8215CAF1D007D352E /* Release */ = {
			isa = XCBuildConfiguration;
			buildSettings = {
				ALWAYS_SEARCH_USER_PATHS = NO;
				CLANG_ANALYZER_NONNULL = YES;
				CLANG_ANALYZER_NUMBER_OBJECT_CONVERSION = YES_AGGRESSIVE;
				CLANG_CXX_LANGUAGE_STANDARD = "gnu++14";
				CLANG_CXX_LIBRARY = "libc++";
				CLANG_ENABLE_MODULES = YES;
				CLANG_ENABLE_OBJC_ARC = YES;
				CLANG_ENABLE_OBJC_WEAK = YES;
				CLANG_WARN_BLOCK_CAPTURE_AUTORELEASING = YES;
				CLANG_WARN_BOOL_CONVERSION = YES;
				CLANG_WARN_COMMA = YES;
				CLANG_WARN_CONSTANT_CONVERSION = YES;
				CLANG_WARN_DEPRECATED_OBJC_IMPLEMENTATIONS = YES;
				CLANG_WARN_DIRECT_OBJC_ISA_USAGE = YES_ERROR;
				CLANG_WARN_DOCUMENTATION_COMMENTS = YES;
				CLANG_WARN_EMPTY_BODY = YES;
				CLANG_WARN_ENUM_CONVERSION = YES;
				CLANG_WARN_INFINITE_RECURSION = YES;
				CLANG_WARN_INT_CONVERSION = YES;
				CLANG_WARN_NON_LITERAL_NULL_CONVERSION = YES;
				CLANG_WARN_OBJC_IMPLICIT_RETAIN_SELF = YES;
				CLANG_WARN_OBJC_LITERAL_CONVERSION = YES;
				CLANG_WARN_OBJC_ROOT_CLASS = YES_ERROR;
				CLANG_WARN_RANGE_LOOP_ANALYSIS = YES;
				CLANG_WARN_STRICT_PROTOTYPES = YES;
				CLANG_WARN_SUSPICIOUS_MOVE = YES;
				CLANG_WARN_UNGUARDED_AVAILABILITY = YES_AGGRESSIVE;
				CLANG_WARN_UNREACHABLE_CODE = YES;
				CLANG_WARN__DUPLICATE_METHOD_MATCH = YES;
				CODE_SIGN_IDENTITY = "iPhone Developer";
				COPY_PHASE_STRIP = NO;
				DEBUG_INFORMATION_FORMAT = "dwarf-with-dsym";
				ENABLE_NS_ASSERTIONS = NO;
				ENABLE_STRICT_OBJC_MSGSEND = YES;
				GCC_C_LANGUAGE_STANDARD = gnu11;
				GCC_NO_COMMON_BLOCKS = YES;
				GCC_WARN_64_TO_32_BIT_CONVERSION = YES;
				GCC_WARN_ABOUT_RETURN_TYPE = YES_ERROR;
				GCC_WARN_UNDECLARED_SELECTOR = YES;
				GCC_WARN_UNINITIALIZED_AUTOS = YES_AGGRESSIVE;
				GCC_WARN_UNUSED_FUNCTION = YES;
				GCC_WARN_UNUSED_VARIABLE = YES;
				IPHONEOS_DEPLOYMENT_TARGET = 12.0;
				MTL_ENABLE_DEBUG_INFO = NO;
				MTL_FAST_MATH = YES;
				SDKROOT = iphoneos;
				SWIFT_COMPILATION_MODE = wholemodule;
				SWIFT_OPTIMIZATION_LEVEL = "-O";
				VALIDATE_PRODUCT = YES;
			};
			name = Release;
		};
		6A3B8FFA215CAF1D007D352E /* Debug */ = {
			isa = XCBuildConfiguration;
			buildSettings = {
				ASSETCATALOG_COMPILER_APPICON_NAME = AppIcon;
				CODE_SIGN_STYLE = Automatic;
				INFOPLIST_FILE = AlertController_/Info.plist;
				LD_RUNPATH_SEARCH_PATHS = (
					"$(inherited)",
					"@executable_path/Frameworks",
				);
				PRODUCT_BUNDLE_IDENTIFIER = "FastCampus.AlertController-";
				PRODUCT_NAME = "$(TARGET_NAME)";
				SWIFT_VERSION = 4.2;
				TARGETED_DEVICE_FAMILY = "1,2";
			};
			name = Debug;
		};
		6A3B8FFB215CAF1D007D352E /* Release */ = {
			isa = XCBuildConfiguration;
			buildSettings = {
				ASSETCATALOG_COMPILER_APPICON_NAME = AppIcon;
				CODE_SIGN_STYLE = Automatic;
				INFOPLIST_FILE = AlertController_/Info.plist;
				LD_RUNPATH_SEARCH_PATHS = (
					"$(inherited)",
					"@executable_path/Frameworks",
				);
				PRODUCT_BUNDLE_IDENTIFIER = "FastCampus.AlertController-";
				PRODUCT_NAME = "$(TARGET_NAME)";
				SWIFT_VERSION = 4.2;
				TARGETED_DEVICE_FAMILY = "1,2";
			};
			name = Release;
		};
/* End XCBuildConfiguration section */

/* Begin XCConfigurationList section */
		6A3B8FE2215CAF1C007D352E /* Build configuration list for PBXProject "AlertController_" */ = {
			isa = XCConfigurationList;
			buildConfigurations = (
				6A3B8FF7215CAF1D007D352E /* Debug */,
				6A3B8FF8215CAF1D007D352E /* Release */,
			);
			defaultConfigurationIsVisible = 0;
			defaultConfigurationName = Release;
		};
		6A3B8FF9215CAF1D007D352E /* Build configuration list for PBXNativeTarget "AlertController_" */ = {
			isa = XCConfigurationList;
			buildConfigurations = (
				6A3B8FFA215CAF1D007D352E /* Debug */,
				6A3B8FFB215CAF1D007D352E /* Release */,
			);
			defaultConfigurationIsVisible = 0;
			defaultConfigurationName = Release;
		};
/* End XCConfigurationList section */
	};
	rootObject = 6A3B8FDF215CAF1C007D352E /* Project object */;
}
